
Microsoft Visual Studio Solution File, Format Version 12.00
Project("{FAE04EC0-301F-11D3-BF4B-00C04F79EFBC}") = "Bai3", "Bai3\Bai3.csproj", "{69859A7E-B964-4847-9BF5-CE2D9DA92C87}"
EndProject
Global
	GlobalSection(SolutionConfigurationPlatforms) = preSolution
		Debug|Any CPU = Debug|Any CPU
		Release|Any CPU = Release|Any CPU
	EndGlobalSection
	GlobalSection(ProjectConfigurationPlatforms) = postSolution
		{69859A7E-B964-4847-9BF5-CE2D9DA92C87}.Debug|Any CPU.ActiveCfg = Debug|Any CPU
		{69859A7E-B964-4847-9BF5-CE2D9DA92C87}.Debug|Any CPU.Build.0 = Debug|Any CPU
		{69859A7E-B964-4847-9BF5-CE2D9DA92C87}.Release|Any CPU.ActiveCfg = Release|Any CPU
		{69859A7E-B964-4847-9BF5-CE2D9DA92C87}.Release|Any CPU.Build.0 = Release|Any CPU
	EndGlobalSection
EndGlobal
